
Microsoft Visual Studio Solution File, Format Version 12.00
# Visual Studio 14
VisualStudioVersion = 14.0.25420.1
MinimumVisualStudioVersion = 10.0.40219.1
Project("{FAE04EC0-301F-11D3-BF4B-00C04F79EFBC}") = "TempMonitor.UI", "TempMonitor.UI\TempMonitor.UI.csproj", "{C25DEE6A-BDC2-41E3-B7AD-2D43F415CCDA}"
EndProject
Project("{FAE04EC0-301F-11D3-BF4B-00C04F79EFBC}") = "TempMonitor.Domain", "TempMonitor.Domain\TempMonitor.Domain.csproj", "{2554779A-F96B-47C0-B6B6-4DCD634DFFCB}"
EndProject
Project("{FAE04EC0-301F-11D3-BF4B-00C04F79EFBC}") = "TempMonitor.Tests", "TempMonitor.Tests\TempMonitor.Tests.csproj", "{1FCE7D74-AECC-40A8-B3F5-BEAD8B70FC71}"
EndProject
Global
	GlobalSection(SolutionConfigurationPlatforms) = preSolution
		Debug|Any CPU = Debug|Any CPU
		Release|Any CPU = Release|Any CPU
	EndGlobalSection
	GlobalSection(ProjectConfigurationPlatforms) = postSolution
		{C25DEE6A-BDC2-41E3-B7AD-2D43F415CCDA}.Debug|Any CPU.ActiveCfg = Debug|Any CPU
		{C25DEE6A-BDC2-41E3-B7AD-2D43F415CCDA}.Debug|Any CPU.Build.0 = Debug|Any CPU
		{C25DEE6A-BDC2-41E3-B7AD-2D43F415CCDA}.Release|Any CPU.ActiveCfg = Release|Any CPU
		{C25DEE6A-BDC2-41E3-B7AD-2D43F415CCDA}.Release|Any CPU.Build.0 = Release|Any CPU
		{2554779A-F96B-47C0-B6B6-4DCD634DFFCB}.Debug|Any CPU.ActiveCfg = Debug|Any CPU
		{2554779A-F96B-47C0-B6B6-4DCD634DFFCB}.Debug|Any CPU.Build.0 = Debug|Any CPU
		{2554779A-F96B-47C0-B6B6-4DCD634DFFCB}.Release|Any CPU.ActiveCfg = Release|Any CPU
		{2554779A-F96B-47C0-B6B6-4DCD634DFFCB}.Release|Any CPU.Build.0 = Release|Any CPU
		{1FCE7D74-AECC-40A8-B3F5-BEAD8B70FC71}.Debug|Any CPU.ActiveCfg = Debug|Any CPU
		{1FCE7D74-AECC-40A8-B3F5-BEAD8B70FC71}.Debug|Any CPU.Build.0 = Debug|Any CPU
		{1FCE7D74-AECC-40A8-B3F5-BEAD8B70FC71}.Release|Any CPU.ActiveCfg = Release|Any CPU
		{1FCE7D74-AECC-40A8-B3F5-BEAD8B70FC71}.Release|Any CPU.Build.0 = Release|Any CPU
	EndGlobalSection
	GlobalSection(SolutionProperties) = preSolution
		HideSolutionNode = FALSE
	EndGlobalSection
EndGlobal
